dependencies:
- name: muster
  repository: oci://gsoci.azurecr.io/charts/giantswarm
  version: 5.6.2
- name: valkey
  repository: oci://gsoci.azurecr.io/charts/giantswarm
  version: 0.1.4
- name: kagent
  repository: oci://gsoci.azurecr.io/charts/giantswarm
  version: 0.1.37
- name: agentgateway
  repository: oci://gsoci.azurecr.io/charts/giantswarm
  version: 2.0.1
- name: agent-platform-mcps
  repository: oci://gsoci.azurecr.io/charts/giantswarm
  version: 0.6.7
- name: klaus-gateway
  repository: oci://gsoci.azurecr.io/charts/giantswarm
  version: 0.30.17
- name: dicebear
  repository: oci://gsoci.azurecr.io/charts/giantswarm
  version: 0.3.7
- name: agent-sandbox
  repository: oci://gsoci.azurecr.io/charts/giantswarm
  version: 0.2.23
- name: backstage
  repository: oci://gsoci.azurecr.io/charts/giantswarm
  version: 0.199.1
- name: cloudnative-pg
  repository: oci://ghcr.io/cloudnative-pg/charts
  version: 0.29.0
digest: sha256:2303e92cdb94071925f5713e4edd3a223a83e63b35f3a299ead841cef1f87a75
generated: "2026-08-27T21:50:21.970982205+02:00"
