dependencies:
- name: muster
  repository: oci://gsoci.azurecr.io/charts/giantswarm
  version: 5.7.2
- name: valkey
  repository: oci://gsoci.azurecr.io/charts/giantswarm
  version: 0.1.4
- name: kagent
  repository: oci://gsoci.azurecr.io/charts/giantswarm
  version: 0.1.37
- name: agentgateway
  repository: oci://gsoci.azurecr.io/charts/giantswarm
  version: 2.0.3
- name: agent-platform-mcps
  repository: oci://gsoci.azurecr.io/charts/giantswarm
  version: 0.6.8
- name: klaus-gateway
  repository: oci://gsoci.azurecr.io/charts/giantswarm
  version: 0.30.20
- name: dicebear
  repository: oci://gsoci.azurecr.io/charts/giantswarm
  version: 0.3.7
- name: agent-sandbox
  repository: oci://gsoci.azurecr.io/charts/giantswarm
  version: 0.2.25
- name: backstage
  repository: oci://gsoci.azurecr.io/charts/giantswarm
  version: 0.200.22
- name: cloudnative-pg
  repository: oci://ghcr.io/cloudnative-pg/charts
  version: 0.29.0
digest: sha256:29a2983532e9f7e6f4f10110d3de35400bf645d7f2a3f0177e4171df24da4d8c
generated: "2026-08-31T08:01:16.37011436Z"
